{
  "name": "flowchat",
  "version": "1.0.0",
  "lockfileVersion": 3,
  "requires": true,
  "packages": {
    "": {
      "name": "flowchat",
      "version": "1.0.0",
      "license": "MIT",
      "dependencies": {
        "flowchat-lib": "file:./lib"
      }
    },
    "lib": {
      "name": "flowchat-lib",
      "version": "1.0.0",
      "license": "MIT"
    },
    "node_modules/flowchat-lib": {
      "resolved": "lib",
      "link": true
    }
  }
}
